
Microsoft Visual Studio Solution File, Format Version 12.00
# Visual Studio Version 17
VisualStudioVersion = 17.5.002.0
MinimumVisualStudioVersion = 10.0.40219.1
Project("{9A19103F-16F7-4668-BE54-9A1E7A4F7556}") = ".NET-AV", ".NET-AV.csproj", "{9EB83810-4D33-44BF-A4F9-7E96DF88C8BE}"
EndProject
Global
	GlobalSection(SolutionConfigurationPlatforms) = preSolution
		Debug|Any CPU = Debug|Any CPU
		Release|Any CPU = Release|Any CPU
	EndGlobalSection
	GlobalSection(ProjectConfigurationPlatforms) = postSolution
		{9EB83810-4D33-44BF-A4F9-7E96DF88C8BE}.Debug|Any CPU.ActiveCfg = Debug|Any CPU
		{9EB83810-4D33-44BF-A4F9-7E96DF88C8BE}.Debug|Any CPU.Build.0 = Debug|Any CPU
		{9EB83810-4D33-44BF-A4F9-7E96DF88C8BE}.Release|Any CPU.ActiveCfg = Release|Any CPU
		{9EB83810-4D33-44BF-A4F9-7E96DF88C8BE}.Release|Any CPU.Build.0 = Release|Any CPU
	EndGlobalSection
	GlobalSection(SolutionProperties) = preSolution
		HideSolutionNode = FALSE
	EndGlobalSection
	GlobalSection(ExtensibilityGlobals) = postSolution
		SolutionGuid = {A661D1EC-0EFF-477D-81EF-EFD4A0FB48D3}
	EndGlobalSection
EndGlobal
